
Microsoft Visual Studio Solution File, Format Version 12.00
# Visual Studio Version 17
VisualStudioVersion = 17.6.33712.159
MinimumVisualStudioVersion = 10.0.40219.1
Project("{FAE04EC0-301F-11D3-BF4B-00C04F79EFBC}") = "Registro", "Registro\Registro.csproj", "{12D82006-6609-4436-989E-F3EDDA2F4E7C}"
EndProject
Global
	GlobalSection(SolutionConfigurationPlatforms) = preSolution
		Debug|Any CPU = Debug|Any CPU
		Release|Any CPU = Release|Any CPU
	EndGlobalSection
	GlobalSection(ProjectConfigurationPlatforms) = postSolution
		{12D82006-6609-4436-989E-F3EDDA2F4E7C}.Debug|Any CPU.ActiveCfg = Debug|Any CPU
		{12D82006-6609-4436-989E-F3EDDA2F4E7C}.Debug|Any CPU.Build.0 = Debug|Any CPU
		{12D82006-6609-4436-989E-F3EDDA2F4E7C}.Release|Any CPU.ActiveCfg = Release|Any CPU
		{12D82006-6609-4436-989E-F3EDDA2F4E7C}.Release|Any CPU.Build.0 = Release|Any CPU
	EndGlobalSection
	GlobalSection(SolutionProperties) = preSolution
		HideSolutionNode = FALSE
	EndGlobalSection
	GlobalSection(ExtensibilityGlobals) = postSolution
		SolutionGuid = {4524F662-C86E-42DA-8424-25E742D41791}
	EndGlobalSection
EndGlobal
